{
  "name": "sports-lib-consumer-example",
  "version": "1.0.0",
  "lockfileVersion": 3,
  "requires": true,
  "packages": {
    "": {
      "name": "sports-lib-consumer-example",
      "version": "1.0.0",
      "license": "MIT",
      "dependencies": {
        "@sports-alliance/sports-lib": "^5.4.24"
      },
      "devDependencies": {
        "@types/node": "^22.3.0",
        "typescript": "^5.5.4"
      }
    },
    "node_modules/@babel/runtime": {
      "version": "7.25.0",
      "resolved": "https://registry.npmjs.org/@babel/runtime/-/runtime-7.25.0.tgz",
      "integrity": "sha512-7dRy4DwXwtzBrPbZflqxnvfxLF8kdZXPkhymtDeFoFqE6ldzjQFgYTtYIFARcLEYDrqfBfYcZt1WqFxRoyC9Rw==",
      "dependencies": {
        "regenerator-runtime": "^0.14.0"
      },
      "engines": {
        "node": ">=6.9.0"
      }
    },
    "node_modules/@sports-alliance/sports-lib": {
      "version": "5.4.24",
      "resolved": "https://registry.npmjs.org/@sports-alliance/sports-lib/-/sports-lib-5.4.24.tgz",
      "integrity": "sha512-h3UePKudUtEWg1PJkVqk0tiKPVctUV8REuz5v/X9uPpRPFXhTMTiNf7BtVAKY9ZyNTqhsyNuzVVPH/XLVqI8qw==",
      "dependencies": {
        "fast-xml-parser": "^3.17.4",
        "fit-file-parser": "^1.9.2",
        "geolib": "^3.3.1",
        "gpx-builder": "^3.6.0",
        "kalmanjs": "^1.1.0",
        "lowpassf": "^0.5.0",
        "moving-median": "^1.0.0"
      }
    },
    "node_modules/@types/node": {
      "version": "22.3.0",
      "resolved": "https://registry.npmjs.org/@types/node/-/node-22.3.0.tgz",
      "integrity": "sha512-nrWpWVaDZuaVc5X84xJ0vNrLvomM205oQyLsRt7OHNZbSHslcWsvgFR7O7hire2ZonjLrWBbedmotmIlJDVd6g==",
      "dev": true,
      "dependencies": {
        "undici-types": "~6.18.2"
      }
    },
    "node_modules/base64-js": {
      "version": "1.5.1",
      "resolved": "https://registry.npmjs.org/base64-js/-/base64-js-1.5.1.tgz",
      "integrity": "sha512-AKpaYlHn8t4SVbOHCy+b5+KKgvR4vrsD8vbvrbiQJps7fKDTkjkDry6ji0rUJjC0kzbNePLwzxq8iypo41qeWA==",
      "funding": [
        {
          "type": "github",
          "url": "https://github.com/sponsors/feross"
        },
        {
          "type": "patreon",
          "url": "https://www.patreon.com/feross"
        },
        {
          "type": "consulting",
          "url": "https://feross.org/support"
        }
      ]
    },
    "node_modules/buffer": {
      "version": "5.7.1",
      "resolved": "https://registry.npmjs.org/buffer/-/buffer-5.7.1.tgz",
      "integrity": "sha512-EHcyIPBQ4BSGlvjB16k5KgAJ27CIsHY/2JBmCRReo48y9rQ3MaUzWX3KVlBa4U7MyX02HdVj0K7C3WaB3ju7FQ==",
      "funding": [
        {
          "type": "github",
          "url": "https://github.com/sponsors/feross"
        },
        {
          "type": "patreon",
          "url": "https://www.patreon.com/feross"
        },
        {
          "type": "consulting",
          "url": "https://feross.org/support"
        }
      ],
      "dependencies": {
        "base64-js": "^1.3.1",
        "ieee754": "^1.1.13"
      }
    },
    "node_modules/fast-xml-parser": {
      "version": "3.21.1",
      "resolved": "https://registry.npmjs.org/fast-xml-parser/-/fast-xml-parser-3.21.1.tgz",
      "integrity": "sha512-FTFVjYoBOZTJekiUsawGsSYV9QL0A+zDYCRj7y34IO6Jg+2IMYEtQa+bbictpdpV8dHxXywqU7C0gRDEOFtBFg==",
      "dependencies": {
        "strnum": "^1.0.4"
      },
      "bin": {
        "xml2js": "cli.js"
      },
      "funding": {
        "type": "paypal",
        "url": "https://paypal.me/naturalintelligence"
      }
    },
    "node_modules/fit-file-parser": {
      "version": "1.9.5",
      "resolved": "https://registry.npmjs.org/fit-file-parser/-/fit-file-parser-1.9.5.tgz",
      "integrity": "sha512-G036f18P75jMs8N2jgfMJGjDgsZEvyIDycyXu+o/bAkcr2xySQG1rwNTeZaDVAY76Yn/npDsviReBNLbl4ng4Q==",
      "dependencies": {
        "buffer": "^5.1.0"
      }
    },
    "node_modules/geolib": {
      "version": "3.3.4",
      "resolved": "https://registry.npmjs.org/geolib/-/geolib-3.3.4.tgz",
      "integrity": "sha512-EicrlLLL3S42gE9/wde+11uiaYAaeSVDwCUIv2uMIoRBfNJCn8EsSI+6nS3r4TCKDO6+RQNM9ayLq2at+oZQWQ=="
    },
    "node_modules/gpx-builder": {
      "version": "3.8.0",
      "resolved": "https://registry.npmjs.org/gpx-builder/-/gpx-builder-3.8.0.tgz",
      "integrity": "sha512-ounFVSUQ+QcRUADsGTlQthUSbk7YABetQqX/nlrkibfxOzTvfbrjOt6afxTg5+0v9tPdr8WQwDYka9ZeNDpGUQ==",
      "dependencies": {
        "@babel/runtime": "^7.15.4",
        "xmlbuilder": "^15.1.1"
      }
    },
    "node_modules/ieee754": {
      "version": "1.2.1",
      "resolved": "https://registry.npmjs.org/ieee754/-/ieee754-1.2.1.tgz",
      "integrity": "sha512-dcyqhDvX1C46lXZcVqCpK+FtMRQVdIMN6/Df5js2zouUsqG7I6sFxitIC+7KYK29KdXOLHdu9zL4sFnoVQnqaA==",
      "funding": [
        {
          "type": "github",
          "url": "https://github.com/sponsors/feross"
        },
        {
          "type": "patreon",
          "url": "https://www.patreon.com/feross"
        },
        {
          "type": "consulting",
          "url": "https://feross.org/support"
        }
      ]
    },
    "node_modules/kalmanjs": {
      "version": "1.1.0",
      "resolved": "https://registry.npmjs.org/kalmanjs/-/kalmanjs-1.1.0.tgz",
      "integrity": "sha512-Gkm2DAKIX8geuDcEJ92e80EmQ6TyIzWBJk6AFk+aDLofQ4G/KoDe1RCY9WMuXFe0NQxsTi7HYh9BVQneOtlvkg=="
    },
    "node_modules/lowpassf": {
      "version": "0.5.0",
      "resolved": "https://registry.npmjs.org/lowpassf/-/lowpassf-0.5.0.tgz",
      "integrity": "sha512-pjMXuHlZIP/2lF+IGQ7GKQk2OIDCeynO9Ot9C0RlOH4PfpJ/tjKDfGsl//AS7SgbD13di0QxzL/mO3s10tkfWA=="
    },
    "node_modules/moving-median": {
      "version": "1.0.0",
      "resolved": "https://registry.npmjs.org/moving-median/-/moving-median-1.0.0.tgz",
      "integrity": "sha512-maHmG3FtouU6xu35OmOD15v2JaAr5luafKqOYMelWosBKCXBv9baSMcPu3J1TB8slYSy8TTqXwCztz3LR/VfBw=="
    },
    "node_modules/regenerator-runtime": {
      "version": "0.14.1",
      "resolved": "https://registry.npmjs.org/regenerator-runtime/-/regenerator-runtime-0.14.1.tgz",
      "integrity": "sha512-dYnhHh0nJoMfnkZs6GmmhFknAGRrLznOu5nc9ML+EJxGvrx6H7teuevqVqCuPcPK//3eDrrjQhehXVx9cnkGdw=="
    },
    "node_modules/strnum": {
      "version": "1.0.5",
      "resolved": "https://registry.npmjs.org/strnum/-/strnum-1.0.5.tgz",
      "integrity": "sha512-J8bbNyKKXl5qYcR36TIO8W3mVGVHrmmxsd5PAItGkmyzwJvybiw2IVq5nqd0i4LSNSkB/sx9VHllbfFdr9k1JA=="
    },
    "node_modules/typescript": {
      "version": "5.5.4",
      "resolved": "https://registry.npmjs.org/typescript/-/typescript-5.5.4.tgz",
      "integrity": "sha512-Mtq29sKDAEYP7aljRgtPOpTvOfbwRWlS6dPRzwjdE+C0R4brX/GUyhHSecbHMFLNBLcJIPt9nl9yG5TZ1weH+Q==",
      "dev": true,
      "bin": {
        "tsc": "bin/tsc",
        "tsserver": "bin/tsserver"
      },
      "engines": {
        "node": ">=14.17"
      }
    },
    "node_modules/undici-types": {
      "version": "6.18.2",
      "resolved": "https://registry.npmjs.org/undici-types/-/undici-types-6.18.2.tgz",
      "integrity": "sha512-5ruQbENj95yDYJNS3TvcaxPMshV7aizdv/hWYjGIKoANWKjhWNBsr2YEuYZKodQulB1b8l7ILOuDQep3afowQQ==",
      "dev": true
    },
    "node_modules/xmlbuilder": {
      "version": "15.1.1",
      "resolved": "https://registry.npmjs.org/xmlbuilder/-/xmlbuilder-15.1.1.tgz",
      "integrity": "sha512-yMqGBqtXyeN1e3TGYvgNgDVZ3j84W4cwkOXQswghol6APgZWaff9lnbvN7MHYJOiXsvGPXtjTYJEiC9J2wv9Eg==",
      "engines": {
        "node": ">=8.0"
      }
    }
  }
}
